
Microsoft Visual Studio Solution File, Format Version 12.00
# Visual Studio Version 17
VisualStudioVersion = 17.4.33122.133
MinimumVisualStudioVersion = 10.0.40219.1
Project("{FAE04EC0-301F-11D3-BF4B-00C04F79EFBC}") = "Portilfolio", "Portilfolio.csproj", "{B02F9706-DF83-4A24-A187-7D3B973AB783}"
EndProject
Global
	GlobalSection(SolutionConfigurationPlatforms) = preSolution
		Debug|Any CPU = Debug|Any CPU
		Release|Any CPU = Release|Any CPU
	EndGlobalSection
	GlobalSection(ProjectConfigurationPlatforms) = postSolution
		{B02F9706-DF83-4A24-A187-7D3B973AB783}.Debug|Any CPU.ActiveCfg = Debug|Any CPU
		{B02F9706-DF83-4A24-A187-7D3B973AB783}.Debug|Any CPU.Build.0 = Debug|Any CPU
		{B02F9706-DF83-4A24-A187-7D3B973AB783}.Release|Any CPU.ActiveCfg = Release|Any CPU
		{B02F9706-DF83-4A24-A187-7D3B973AB783}.Release|Any CPU.Build.0 = Release|Any CPU
	EndGlobalSection
	GlobalSection(SolutionProperties) = preSolution
		HideSolutionNode = FALSE
	EndGlobalSection
	GlobalSection(ExtensibilityGlobals) = postSolution
		SolutionGuid = {753E353E-A7B6-41A8-9199-31935C0C91BB}
	EndGlobalSection
EndGlobal
